
Microsoft Visual Studio Solution File, Format Version 12.00
# Visual Studio 2012
Project("{FAE04EC0-301F-11D3-BF4B-00C04F79EFBC}") = "WindowsService1.0", "WindowsService1\WindowsService1.0.csproj", "{97D2BA2D-EE24-4054-9867-547F91F3AC79}"
EndProject
Global
	GlobalSection(SolutionConfigurationPlatforms) = preSolution
		Debug|Any CPU = Debug|Any CPU
		Release|Any CPU = Release|Any CPU
	EndGlobalSection
	GlobalSection(ProjectConfigurationPlatforms) = postSolution
		{97D2BA2D-EE24-4054-9867-547F91F3AC79}.Debug|Any CPU.ActiveCfg = Debug|Any CPU
		{97D2BA2D-EE24-4054-9867-547F91F3AC79}.Debug|Any CPU.Build.0 = Debug|Any CPU
		{97D2BA2D-EE24-4054-9867-547F91F3AC79}.Release|Any CPU.ActiveCfg = Release|Any CPU
		{97D2BA2D-EE24-4054-9867-547F91F3AC79}.Release|Any CPU.Build.0 = Release|Any CPU
	EndGlobalSection
	GlobalSection(SolutionProperties) = preSolution
		HideSolutionNode = FALSE
	EndGlobalSection
EndGlobal
