
Microsoft Visual Studio Solution File, Format Version 12.00
# Visual Studio 2012
Project("{FAE04EC0-301F-11D3-BF4B-00C04F79EFBC}") = "Exchange", "Exchange\Exchange.csproj", "{FB39A2DF-9C82-4FE6-A002-7B4128E621B4}"
EndProject
Project("{FAE04EC0-301F-11D3-BF4B-00C04F79EFBC}") = "TradingEngine", "TradingEngine\TradingEngine.csproj", "{18BD3EF2-E2FF-4F0C-9A6D-D171625F6701}"
EndProject
Project("{FAE04EC0-301F-11D3-BF4B-00C04F79EFBC}") = "WindowsService", "WindowsService\WindowsService.csproj", "{106B4471-2C96-49C1-B11E-018F609B288A}"
EndProject
Global
	GlobalSection(SolutionConfigurationPlatforms) = preSolution
		Debug|Any CPU = Debug|Any CPU
		Release|Any CPU = Release|Any CPU
	EndGlobalSection
	GlobalSection(ProjectConfigurationPlatforms) = postSolution
		{FB39A2DF-9C82-4FE6-A002-7B4128E621B4}.Debug|Any CPU.ActiveCfg = Debug|Any CPU
		{FB39A2DF-9C82-4FE6-A002-7B4128E621B4}.Debug|Any CPU.Build.0 = Debug|Any CPU
		{FB39A2DF-9C82-4FE6-A002-7B4128E621B4}.Release|Any CPU.ActiveCfg = Release|Any CPU
		{FB39A2DF-9C82-4FE6-A002-7B4128E621B4}.Release|Any CPU.Build.0 = Release|Any CPU
		{18BD3EF2-E2FF-4F0C-9A6D-D171625F6701}.Debug|Any CPU.ActiveCfg = Debug|Any CPU
		{18BD3EF2-E2FF-4F0C-9A6D-D171625F6701}.Debug|Any CPU.Build.0 = Debug|Any CPU
		{18BD3EF2-E2FF-4F0C-9A6D-D171625F6701}.Release|Any CPU.ActiveCfg = Release|Any CPU
		{18BD3EF2-E2FF-4F0C-9A6D-D171625F6701}.Release|Any CPU.Build.0 = Release|Any CPU
		{106B4471-2C96-49C1-B11E-018F609B288A}.Debug|Any CPU.ActiveCfg = Debug|Any CPU
		{106B4471-2C96-49C1-B11E-018F609B288A}.Debug|Any CPU.Build.0 = Debug|Any CPU
		{106B4471-2C96-49C1-B11E-018F609B288A}.Release|Any CPU.ActiveCfg = Release|Any CPU
		{106B4471-2C96-49C1-B11E-018F609B288A}.Release|Any CPU.Build.0 = Release|Any CPU
	EndGlobalSection
	GlobalSection(SolutionProperties) = preSolution
		HideSolutionNode = FALSE
	EndGlobalSection
EndGlobal
